
Microsoft Visual Studio Solution File, Format Version 12.00
Project("{2150E333-8FDC-42A3-9474-1A3956D46DE8}") = "MechParser.NET", "MechParser.NET", "{A195B81A-A842-4BCA-B81A-1507C93071F2}"
EndProject
Project("{FAE04EC0-301F-11D3-BF4B-00C04F79EFBC}") = "MechParser.NET", "MechParser.NET\MechParser.NET\MechParser.NET.csproj", "{EB4BE7CA-4B70-4699-8880-0DB0B35DF5B1}"
EndProject
Project("{FAE04EC0-301F-11D3-BF4B-00C04F79EFBC}") = "MechParser.NET.Tests", "MechParser.NET\MechParser.NET.Tests\MechParser.NET.Tests.csproj", "{E720EF4F-4CFE-4AC5-B424-99D4164114CA}"
EndProject
Project("{FAE04EC0-301F-11D3-BF4B-00C04F79EFBC}") = "MechBuilder.NET.Web", "MechBuilder.NET.Web\MechBuilder.NET.Web.csproj", "{AB441530-9342-4D57-8173-04E1C65E9635}"
EndProject
Global
	GlobalSection(SolutionConfigurationPlatforms) = preSolution
		Debug|Any CPU = Debug|Any CPU
		Release|Any CPU = Release|Any CPU
	EndGlobalSection
	GlobalSection(NestedProjects) = preSolution
		{EB4BE7CA-4B70-4699-8880-0DB0B35DF5B1} = {A195B81A-A842-4BCA-B81A-1507C93071F2}
		{E720EF4F-4CFE-4AC5-B424-99D4164114CA} = {A195B81A-A842-4BCA-B81A-1507C93071F2}
	EndGlobalSection
	GlobalSection(ProjectConfigurationPlatforms) = postSolution
		{EB4BE7CA-4B70-4699-8880-0DB0B35DF5B1}.Debug|Any CPU.ActiveCfg = Debug|Any CPU
		{EB4BE7CA-4B70-4699-8880-0DB0B35DF5B1}.Debug|Any CPU.Build.0 = Debug|Any CPU
		{EB4BE7CA-4B70-4699-8880-0DB0B35DF5B1}.Release|Any CPU.ActiveCfg = Release|Any CPU
		{EB4BE7CA-4B70-4699-8880-0DB0B35DF5B1}.Release|Any CPU.Build.0 = Release|Any CPU
		{E720EF4F-4CFE-4AC5-B424-99D4164114CA}.Debug|Any CPU.ActiveCfg = Debug|Any CPU
		{E720EF4F-4CFE-4AC5-B424-99D4164114CA}.Debug|Any CPU.Build.0 = Debug|Any CPU
		{E720EF4F-4CFE-4AC5-B424-99D4164114CA}.Release|Any CPU.ActiveCfg = Release|Any CPU
		{E720EF4F-4CFE-4AC5-B424-99D4164114CA}.Release|Any CPU.Build.0 = Release|Any CPU
		{AB441530-9342-4D57-8173-04E1C65E9635}.Debug|Any CPU.ActiveCfg = Debug|Any CPU
		{AB441530-9342-4D57-8173-04E1C65E9635}.Debug|Any CPU.Build.0 = Debug|Any CPU
		{AB441530-9342-4D57-8173-04E1C65E9635}.Release|Any CPU.ActiveCfg = Release|Any CPU
		{AB441530-9342-4D57-8173-04E1C65E9635}.Release|Any CPU.Build.0 = Release|Any CPU
	EndGlobalSection
EndGlobal
